
Microsoft Visual Studio Solution File, Format Version 12.00
# Visual Studio 15
VisualStudioVersion = 15.0.26430.15
MinimumVisualStudioVersion = 10.0.40219.1
Project("{FAE04EC0-301F-11D3-BF4B-00C04F79EFBC}") = "PosWarriorService", "PosWarriorService\PosWarriorService.csproj", "{8807113F-0DBB-4B31-8CC7-F550F69D67E6}"
EndProject
Project("{FAE04EC0-301F-11D3-BF4B-00C04F79EFBC}") = "PosWarriorAdmin", "PosWarriorAdmin\PosWarriorAdmin.csproj", "{F7F18269-B77D-4B62-9F55-CBBD1DCFC1A1}"
EndProject
Project("{FAE04EC0-301F-11D3-BF4B-00C04F79EFBC}") = "Shared", "Shared\Shared.csproj", "{2417F328-56D1-446D-9D4C-7649F107AE16}"
EndProject
Project("{FAE04EC0-301F-11D3-BF4B-00C04F79EFBC}") = "WinClient", "WinClient\WinClient.csproj", "{3CA8233D-69CF-48AE-8421-2EEFB1130E10}"
EndProject
Project("{FAE04EC0-301F-11D3-BF4B-00C04F79EFBC}") = "ServerCore", "ServerCore\ServerCore.csproj", "{45CF67E1-70BC-490B-94C3-90797478974C}"
EndProject
Project("{FAE04EC0-301F-11D3-BF4B-00C04F79EFBC}") = "ClientCore", "ClientCore\ClientCore.csproj", "{F35B5A35-FB9B-4B76-BC79-15A64704504F}"
EndProject
Project("{2150E333-8FDC-42A3-9474-1A3956D46DE8}") = "Clients", "Clients", "{AA0C01A1-52AE-437E-9E5A-76B120A797D9}"
EndProject
Project("{2150E333-8FDC-42A3-9474-1A3956D46DE8}") = "Libs", "Libs", "{923B927D-4B27-4262-ABB5-7FECEFD58DD9}"
EndProject
Project("{FAE04EC0-301F-11D3-BF4B-00C04F79EFBC}") = "DevServiceRunner", "DevServiceRunner\DevServiceRunner.csproj", "{58AA7BA5-3DB5-4BAE-AB52-BE3751F5AB54}"
EndProject
Project("{FAE04EC0-301F-11D3-BF4B-00C04F79EFBC}") = "ClientTests", "ClientTests\ClientTests.csproj", "{4CAB3979-4874-4BA2-9517-C306BF7F92B8}"
EndProject
Project("{2150E333-8FDC-42A3-9474-1A3956D46DE8}") = "Tests", "Tests", "{048F27EC-8E41-49DB-87F5-F1F2683145C9}"
EndProject
Project("{FAE04EC0-301F-11D3-BF4B-00C04F79EFBC}") = "ServerTests", "ServerTests\ServerTests.csproj", "{9BD1816D-067E-41E9-A54C-52C49803EAEF}"
EndProject
Project("{FAE04EC0-301F-11D3-BF4B-00C04F79EFBC}") = "TestTools", "TestTools\TestTools.csproj", "{62338CB7-A764-48DF-8D73-EA955CA0190F}"
EndProject
Project("{FAE04EC0-301F-11D3-BF4B-00C04F79EFBC}") = "iOSClient", "iOSClient\iOSClient.csproj", "{843224A4-C06D-4ED3-8BE8-4BADD463FCFA}"
EndProject
Global
	GlobalSection(SolutionConfigurationPlatforms) = preSolution
		Ad-Hoc|Any CPU = Ad-Hoc|Any CPU
		Ad-Hoc|iPhone = Ad-Hoc|iPhone
		Ad-Hoc|iPhoneSimulator = Ad-Hoc|iPhoneSimulator
		AppStore|Any CPU = AppStore|Any CPU
		AppStore|iPhone = AppStore|iPhone
		AppStore|iPhoneSimulator = AppStore|iPhoneSimulator
		Debug|Any CPU = Debug|Any CPU
		Debug|iPhone = Debug|iPhone
		Debug|iPhoneSimulator = Debug|iPhoneSimulator
		Release|Any CPU = Release|Any CPU
		Release|iPhone = Release|iPhone
		Release|iPhoneSimulator = Release|iPhoneSimulator
	EndGlobalSection
	GlobalSection(ProjectConfigurationPlatforms) = postSolution
		{8807113F-0DBB-4B31-8CC7-F550F69D67E6}.Ad-Hoc|Any CPU.ActiveCfg = Release|Any CPU
		{8807113F-0DBB-4B31-8CC7-F550F69D67E6}.Ad-Hoc|Any CPU.Build.0 = Release|Any CPU
		{8807113F-0DBB-4B31-8CC7-F550F69D67E6}.Ad-Hoc|iPhone.ActiveCfg = Release|Any CPU
		{8807113F-0DBB-4B31-8CC7-F550F69D67E6}.Ad-Hoc|iPhone.Build.0 = Release|Any CPU
		{8807113F-0DBB-4B31-8CC7-F550F69D67E6}.Ad-Hoc|iPhoneSimulator.ActiveCfg = Release|Any CPU
		{8807113F-0DBB-4B31-8CC7-F550F69D67E6}.Ad-Hoc|iPhoneSimulator.Build.0 = Release|Any CPU
		{8807113F-0DBB-4B31-8CC7-F550F69D67E6}.AppStore|Any CPU.ActiveCfg = Release|Any CPU
		{8807113F-0DBB-4B31-8CC7-F550F69D67E6}.AppStore|Any CPU.Build.0 = Release|Any CPU
		{8807113F-0DBB-4B31-8CC7-F550F69D67E6}.AppStore|iPhone.ActiveCfg = Release|Any CPU
		{8807113F-0DBB-4B31-8CC7-F550F69D67E6}.AppStore|iPhone.Build.0 = Release|Any CPU
		{8807113F-0DBB-4B31-8CC7-F550F69D67E6}.AppStore|iPhoneSimulator.ActiveCfg = Release|Any CPU
		{8807113F-0DBB-4B31-8CC7-F550F69D67E6}.AppStore|iPhoneSimulator.Build.0 = Release|Any CPU
		{8807113F-0DBB-4B31-8CC7-F550F69D67E6}.Debug|Any CPU.ActiveCfg = Debug|Any CPU
		{8807113F-0DBB-4B31-8CC7-F550F69D67E6}.Debug|Any CPU.Build.0 = Debug|Any CPU
		{8807113F-0DBB-4B31-8CC7-F550F69D67E6}.Debug|iPhone.ActiveCfg = Debug|Any CPU
		{8807113F-0DBB-4B31-8CC7-F550F69D67E6}.Debug|iPhone.Build.0 = Debug|Any CPU
		{8807113F-0DBB-4B31-8CC7-F550F69D67E6}.Debug|iPhoneSimulator.ActiveCfg = Debug|Any CPU
		{8807113F-0DBB-4B31-8CC7-F550F69D67E6}.Debug|iPhoneSimulator.Build.0 = Debug|Any CPU
		{8807113F-0DBB-4B31-8CC7-F550F69D67E6}.Release|Any CPU.ActiveCfg = Release|Any CPU
		{8807113F-0DBB-4B31-8CC7-F550F69D67E6}.Release|Any CPU.Build.0 = Release|Any CPU
		{8807113F-0DBB-4B31-8CC7-F550F69D67E6}.Release|iPhone.ActiveCfg = Release|Any CPU
		{8807113F-0DBB-4B31-8CC7-F550F69D67E6}.Release|iPhone.Build.0 = Release|Any CPU
		{8807113F-0DBB-4B31-8CC7-F550F69D67E6}.Release|iPhoneSimulator.ActiveCfg = Release|Any CPU
		{8807113F-0DBB-4B31-8CC7-F550F69D67E6}.Release|iPhoneSimulator.Build.0 = Release|Any CPU
		{F7F18269-B77D-4B62-9F55-CBBD1DCFC1A1}.Ad-Hoc|Any CPU.ActiveCfg = Release|Any CPU
		{F7F18269-B77D-4B62-9F55-CBBD1DCFC1A1}.Ad-Hoc|Any CPU.Build.0 = Release|Any CPU
		{F7F18269-B77D-4B62-9F55-CBBD1DCFC1A1}.Ad-Hoc|iPhone.ActiveCfg = Release|Any CPU
		{F7F18269-B77D-4B62-9F55-CBBD1DCFC1A1}.Ad-Hoc|iPhone.Build.0 = Release|Any CPU
		{F7F18269-B77D-4B62-9F55-CBBD1DCFC1A1}.Ad-Hoc|iPhoneSimulator.ActiveCfg = Release|Any CPU
		{F7F18269-B77D-4B62-9F55-CBBD1DCFC1A1}.Ad-Hoc|iPhoneSimulator.Build.0 = Release|Any CPU
		{F7F18269-B77D-4B62-9F55-CBBD1DCFC1A1}.AppStore|Any CPU.ActiveCfg = Release|Any CPU
		{F7F18269-B77D-4B62-9F55-CBBD1DCFC1A1}.AppStore|Any CPU.Build.0 = Release|Any CPU
		{F7F18269-B77D-4B62-9F55-CBBD1DCFC1A1}.AppStore|iPhone.ActiveCfg = Release|Any CPU
		{F7F18269-B77D-4B62-9F55-CBBD1DCFC1A1}.AppStore|iPhone.Build.0 = Release|Any CPU
		{F7F18269-B77D-4B62-9F55-CBBD1DCFC1A1}.AppStore|iPhoneSimulator.ActiveCfg = Release|Any CPU
		{F7F18269-B77D-4B62-9F55-CBBD1DCFC1A1}.AppStore|iPhoneSimulator.Build.0 = Release|Any CPU
		{F7F18269-B77D-4B62-9F55-CBBD1DCFC1A1}.Debug|Any CPU.ActiveCfg = Debug|Any CPU
		{F7F18269-B77D-4B62-9F55-CBBD1DCFC1A1}.Debug|Any CPU.Build.0 = Debug|Any CPU
		{F7F18269-B77D-4B62-9F55-CBBD1DCFC1A1}.Debug|Any CPU.Deploy.0 = Debug|Any CPU
		{F7F18269-B77D-4B62-9F55-CBBD1DCFC1A1}.Debug|iPhone.ActiveCfg = Debug|Any CPU
		{F7F18269-B77D-4B62-9F55-CBBD1DCFC1A1}.Debug|iPhone.Build.0 = Debug|Any CPU
		{F7F18269-B77D-4B62-9F55-CBBD1DCFC1A1}.Debug|iPhoneSimulator.ActiveCfg = Debug|Any CPU
		{F7F18269-B77D-4B62-9F55-CBBD1DCFC1A1}.Debug|iPhoneSimulator.Build.0 = Debug|Any CPU
		{F7F18269-B77D-4B62-9F55-CBBD1DCFC1A1}.Release|Any CPU.ActiveCfg = Release|Any CPU
		{F7F18269-B77D-4B62-9F55-CBBD1DCFC1A1}.Release|Any CPU.Build.0 = Release|Any CPU
		{F7F18269-B77D-4B62-9F55-CBBD1DCFC1A1}.Release|iPhone.ActiveCfg = Release|Any CPU
		{F7F18269-B77D-4B62-9F55-CBBD1DCFC1A1}.Release|iPhone.Build.0 = Release|Any CPU
		{F7F18269-B77D-4B62-9F55-CBBD1DCFC1A1}.Release|iPhoneSimulator.ActiveCfg = Release|Any CPU
		{F7F18269-B77D-4B62-9F55-CBBD1DCFC1A1}.Release|iPhoneSimulator.Build.0 = Release|Any CPU
		{2417F328-56D1-446D-9D4C-7649F107AE16}.Ad-Hoc|Any CPU.ActiveCfg = Release|Any CPU
		{2417F328-56D1-446D-9D4C-7649F107AE16}.Ad-Hoc|Any CPU.Build.0 = Release|Any CPU
		{2417F328-56D1-446D-9D4C-7649F107AE16}.Ad-Hoc|iPhone.ActiveCfg = Release|Any CPU
		{2417F328-56D1-446D-9D4C-7649F107AE16}.Ad-Hoc|iPhone.Build.0 = Release|Any CPU
		{2417F328-56D1-446D-9D4C-7649F107AE16}.Ad-Hoc|iPhoneSimulator.ActiveCfg = Release|Any CPU
		{2417F328-56D1-446D-9D4C-7649F107AE16}.Ad-Hoc|iPhoneSimulator.Build.0 = Release|Any CPU
		{2417F328-56D1-446D-9D4C-7649F107AE16}.AppStore|Any CPU.ActiveCfg = Release|Any CPU
		{2417F328-56D1-446D-9D4C-7649F107AE16}.AppStore|Any CPU.Build.0 = Release|Any CPU
		{2417F328-56D1-446D-9D4C-7649F107AE16}.AppStore|iPhone.ActiveCfg = Release|Any CPU
		{2417F328-56D1-446D-9D4C-7649F107AE16}.AppStore|iPhone.Build.0 = Release|Any CPU
		{2417F328-56D1-446D-9D4C-7649F107AE16}.AppStore|iPhoneSimulator.ActiveCfg = Release|Any CPU
		{2417F328-56D1-446D-9D4C-7649F107AE16}.AppStore|iPhoneSimulator.Build.0 = Release|Any CPU
		{2417F328-56D1-446D-9D4C-7649F107AE16}.Debug|Any CPU.ActiveCfg = Debug|Any CPU
		{2417F328-56D1-446D-9D4C-7649F107AE16}.Debug|Any CPU.Build.0 = Debug|Any CPU
		{2417F328-56D1-446D-9D4C-7649F107AE16}.Debug|iPhone.ActiveCfg = Debug|Any CPU
		{2417F328-56D1-446D-9D4C-7649F107AE16}.Debug|iPhone.Build.0 = Debug|Any CPU
		{2417F328-56D1-446D-9D4C-7649F107AE16}.Debug|iPhoneSimulator.ActiveCfg = Debug|Any CPU
		{2417F328-56D1-446D-9D4C-7649F107AE16}.Debug|iPhoneSimulator.Build.0 = Debug|Any CPU
		{2417F328-56D1-446D-9D4C-7649F107AE16}.Release|Any CPU.ActiveCfg = Release|Any CPU
		{2417F328-56D1-446D-9D4C-7649F107AE16}.Release|Any CPU.Build.0 = Release|Any CPU
		{2417F328-56D1-446D-9D4C-7649F107AE16}.Release|iPhone.ActiveCfg = Release|Any CPU
		{2417F328-56D1-446D-9D4C-7649F107AE16}.Release|iPhone.Build.0 = Release|Any CPU
		{2417F328-56D1-446D-9D4C-7649F107AE16}.Release|iPhoneSimulator.ActiveCfg = Release|Any CPU
		{2417F328-56D1-446D-9D4C-7649F107AE16}.Release|iPhoneSimulator.Build.0 = Release|Any CPU
		{3CA8233D-69CF-48AE-8421-2EEFB1130E10}.Ad-Hoc|Any CPU.ActiveCfg = Release|Any CPU
		{3CA8233D-69CF-48AE-8421-2EEFB1130E10}.Ad-Hoc|Any CPU.Build.0 = Release|Any CPU
		{3CA8233D-69CF-48AE-8421-2EEFB1130E10}.Ad-Hoc|iPhone.ActiveCfg = Release|Any CPU
		{3CA8233D-69CF-48AE-8421-2EEFB1130E10}.Ad-Hoc|iPhone.Build.0 = Release|Any CPU
		{3CA8233D-69CF-48AE-8421-2EEFB1130E10}.Ad-Hoc|iPhoneSimulator.ActiveCfg = Release|Any CPU
		{3CA8233D-69CF-48AE-8421-2EEFB1130E10}.Ad-Hoc|iPhoneSimulator.Build.0 = Release|Any CPU
		{3CA8233D-69CF-48AE-8421-2EEFB1130E10}.AppStore|Any CPU.ActiveCfg = Release|Any CPU
		{3CA8233D-69CF-48AE-8421-2EEFB1130E10}.AppStore|Any CPU.Build.0 = Release|Any CPU
		{3CA8233D-69CF-48AE-8421-2EEFB1130E10}.AppStore|iPhone.ActiveCfg = Release|Any CPU
		{3CA8233D-69CF-48AE-8421-2EEFB1130E10}.AppStore|iPhone.Build.0 = Release|Any CPU
		{3CA8233D-69CF-48AE-8421-2EEFB1130E10}.AppStore|iPhoneSimulator.ActiveCfg = Release|Any CPU
		{3CA8233D-69CF-48AE-8421-2EEFB1130E10}.AppStore|iPhoneSimulator.Build.0 = Release|Any CPU
		{3CA8233D-69CF-48AE-8421-2EEFB1130E10}.Debug|Any CPU.ActiveCfg = Debug|Any CPU
		{3CA8233D-69CF-48AE-8421-2EEFB1130E10}.Debug|Any CPU.Build.0 = Debug|Any CPU
		{3CA8233D-69CF-48AE-8421-2EEFB1130E10}.Debug|iPhone.ActiveCfg = Debug|Any CPU
		{3CA8233D-69CF-48AE-8421-2EEFB1130E10}.Debug|iPhone.Build.0 = Debug|Any CPU
		{3CA8233D-69CF-48AE-8421-2EEFB1130E10}.Debug|iPhoneSimulator.ActiveCfg = Debug|Any CPU
		{3CA8233D-69CF-48AE-8421-2EEFB1130E10}.Debug|iPhoneSimulator.Build.0 = Debug|Any CPU
		{3CA8233D-69CF-48AE-8421-2EEFB1130E10}.Release|Any CPU.ActiveCfg = Release|Any CPU
		{3CA8233D-69CF-48AE-8421-2EEFB1130E10}.Release|Any CPU.Build.0 = Release|Any CPU
		{3CA8233D-69CF-48AE-8421-2EEFB1130E10}.Release|iPhone.ActiveCfg = Release|Any CPU
		{3CA8233D-69CF-48AE-8421-2EEFB1130E10}.Release|iPhone.Build.0 = Release|Any CPU
		{3CA8233D-69CF-48AE-8421-2EEFB1130E10}.Release|iPhoneSimulator.ActiveCfg = Release|Any CPU
		{3CA8233D-69CF-48AE-8421-2EEFB1130E10}.Release|iPhoneSimulator.Build.0 = Release|Any CPU
		{45CF67E1-70BC-490B-94C3-90797478974C}.Ad-Hoc|Any CPU.ActiveCfg = Release|Any CPU
		{45CF67E1-70BC-490B-94C3-90797478974C}.Ad-Hoc|Any CPU.Build.0 = Release|Any CPU
		{45CF67E1-70BC-490B-94C3-90797478974C}.Ad-Hoc|iPhone.ActiveCfg = Release|Any CPU
		{45CF67E1-70BC-490B-94C3-90797478974C}.Ad-Hoc|iPhone.Build.0 = Release|Any CPU
		{45CF67E1-70BC-490B-94C3-90797478974C}.Ad-Hoc|iPhoneSimulator.ActiveCfg = Release|Any CPU
		{45CF67E1-70BC-490B-94C3-90797478974C}.Ad-Hoc|iPhoneSimulator.Build.0 = Release|Any CPU
		{45CF67E1-70BC-490B-94C3-90797478974C}.AppStore|Any CPU.ActiveCfg = Release|Any CPU
		{45CF67E1-70BC-490B-94C3-90797478974C}.AppStore|Any CPU.Build.0 = Release|Any CPU
		{45CF67E1-70BC-490B-94C3-90797478974C}.AppStore|iPhone.ActiveCfg = Release|Any CPU
		{45CF67E1-70BC-490B-94C3-90797478974C}.AppStore|iPhone.Build.0 = Release|Any CPU
		{45CF67E1-70BC-490B-94C3-90797478974C}.AppStore|iPhoneSimulator.ActiveCfg = Release|Any CPU
		{45CF67E1-70BC-490B-94C3-90797478974C}.AppStore|iPhoneSimulator.Build.0 = Release|Any CPU
		{45CF67E1-70BC-490B-94C3-90797478974C}.Debug|Any CPU.ActiveCfg = Debug|Any CPU
		{45CF67E1-70BC-490B-94C3-90797478974C}.Debug|Any CPU.Build.0 = Debug|Any CPU
		{45CF67E1-70BC-490B-94C3-90797478974C}.Debug|iPhone.ActiveCfg = Debug|Any CPU
		{45CF67E1-70BC-490B-94C3-90797478974C}.Debug|iPhone.Build.0 = Debug|Any CPU
		{45CF67E1-70BC-490B-94C3-90797478974C}.Debug|iPhoneSimulator.ActiveCfg = Debug|Any CPU
		{45CF67E1-70BC-490B-94C3-90797478974C}.Debug|iPhoneSimulator.Build.0 = Debug|Any CPU
		{45CF67E1-70BC-490B-94C3-90797478974C}.Release|Any CPU.ActiveCfg = Release|Any CPU
		{45CF67E1-70BC-490B-94C3-90797478974C}.Release|Any CPU.Build.0 = Release|Any CPU
		{45CF67E1-70BC-490B-94C3-90797478974C}.Release|iPhone.ActiveCfg = Release|Any CPU
		{45CF67E1-70BC-490B-94C3-90797478974C}.Release|iPhone.Build.0 = Release|Any CPU
		{45CF67E1-70BC-490B-94C3-90797478974C}.Release|iPhoneSimulator.ActiveCfg = Release|Any CPU
		{45CF67E1-70BC-490B-94C3-90797478974C}.Release|iPhoneSimulator.Build.0 = Release|Any CPU
		{F35B5A35-FB9B-4B76-BC79-15A64704504F}.Ad-Hoc|Any CPU.ActiveCfg = Release|Any CPU
		{F35B5A35-FB9B-4B76-BC79-15A64704504F}.Ad-Hoc|Any CPU.Build.0 = Release|Any CPU
		{F35B5A35-FB9B-4B76-BC79-15A64704504F}.Ad-Hoc|iPhone.ActiveCfg = Release|Any CPU
		{F35B5A35-FB9B-4B76-BC79-15A64704504F}.Ad-Hoc|iPhone.Build.0 = Release|Any CPU
		{F35B5A35-FB9B-4B76-BC79-15A64704504F}.Ad-Hoc|iPhoneSimulator.ActiveCfg = Release|Any CPU
		{F35B5A35-FB9B-4B76-BC79-15A64704504F}.Ad-Hoc|iPhoneSimulator.Build.0 = Release|Any CPU
		{F35B5A35-FB9B-4B76-BC79-15A64704504F}.AppStore|Any CPU.ActiveCfg = Release|Any CPU
		{F35B5A35-FB9B-4B76-BC79-15A64704504F}.AppStore|Any CPU.Build.0 = Release|Any CPU
		{F35B5A35-FB9B-4B76-BC79-15A64704504F}.AppStore|iPhone.ActiveCfg = Release|Any CPU
		{F35B5A35-FB9B-4B76-BC79-15A64704504F}.AppStore|iPhone.Build.0 = Release|Any CPU
		{F35B5A35-FB9B-4B76-BC79-15A64704504F}.AppStore|iPhoneSimulator.ActiveCfg = Release|Any CPU
		{F35B5A35-FB9B-4B76-BC79-15A64704504F}.AppStore|iPhoneSimulator.Build.0 = Release|Any CPU
		{F35B5A35-FB9B-4B76-BC79-15A64704504F}.Debug|Any CPU.ActiveCfg = Debug|Any CPU
		{F35B5A35-FB9B-4B76-BC79-15A64704504F}.Debug|Any CPU.Build.0 = Debug|Any CPU
		{F35B5A35-FB9B-4B76-BC79-15A64704504F}.Debug|iPhone.ActiveCfg = Debug|Any CPU
		{F35B5A35-FB9B-4B76-BC79-15A64704504F}.Debug|iPhone.Build.0 = Debug|Any CPU
		{F35B5A35-FB9B-4B76-BC79-15A64704504F}.Debug|iPhoneSimulator.ActiveCfg = Debug|Any CPU
		{F35B5A35-FB9B-4B76-BC79-15A64704504F}.Debug|iPhoneSimulator.Build.0 = Debug|Any CPU
		{F35B5A35-FB9B-4B76-BC79-15A64704504F}.Release|Any CPU.ActiveCfg = Release|Any CPU
		{F35B5A35-FB9B-4B76-BC79-15A64704504F}.Release|Any CPU.Build.0 = Release|Any CPU
		{F35B5A35-FB9B-4B76-BC79-15A64704504F}.Release|iPhone.ActiveCfg = Release|Any CPU
		{F35B5A35-FB9B-4B76-BC79-15A64704504F}.Release|iPhone.Build.0 = Release|Any CPU
		{F35B5A35-FB9B-4B76-BC79-15A64704504F}.Release|iPhoneSimulator.ActiveCfg = Release|Any CPU
		{F35B5A35-FB9B-4B76-BC79-15A64704504F}.Release|iPhoneSimulator.Build.0 = Release|Any CPU
		{58AA7BA5-3DB5-4BAE-AB52-BE3751F5AB54}.Ad-Hoc|Any CPU.ActiveCfg = Release|Any CPU
		{58AA7BA5-3DB5-4BAE-AB52-BE3751F5AB54}.Ad-Hoc|Any CPU.Build.0 = Release|Any CPU
		{58AA7BA5-3DB5-4BAE-AB52-BE3751F5AB54}.Ad-Hoc|iPhone.ActiveCfg = Release|Any CPU
		{58AA7BA5-3DB5-4BAE-AB52-BE3751F5AB54}.Ad-Hoc|iPhone.Build.0 = Release|Any CPU
		{58AA7BA5-3DB5-4BAE-AB52-BE3751F5AB54}.Ad-Hoc|iPhoneSimulator.ActiveCfg = Release|Any CPU
		{58AA7BA5-3DB5-4BAE-AB52-BE3751F5AB54}.Ad-Hoc|iPhoneSimulator.Build.0 = Release|Any CPU
		{58AA7BA5-3DB5-4BAE-AB52-BE3751F5AB54}.AppStore|Any CPU.ActiveCfg = Release|Any CPU
		{58AA7BA5-3DB5-4BAE-AB52-BE3751F5AB54}.AppStore|Any CPU.Build.0 = Release|Any CPU
		{58AA7BA5-3DB5-4BAE-AB52-BE3751F5AB54}.AppStore|iPhone.ActiveCfg = Release|Any CPU
		{58AA7BA5-3DB5-4BAE-AB52-BE3751F5AB54}.AppStore|iPhone.Build.0 = Release|Any CPU
		{58AA7BA5-3DB5-4BAE-AB52-BE3751F5AB54}.AppStore|iPhoneSimulator.ActiveCfg = Release|Any CPU
		{58AA7BA5-3DB5-4BAE-AB52-BE3751F5AB54}.AppStore|iPhoneSimulator.Build.0 = Release|Any CPU
		{58AA7BA5-3DB5-4BAE-AB52-BE3751F5AB54}.Debug|Any CPU.ActiveCfg = Debug|Any CPU
		{58AA7BA5-3DB5-4BAE-AB52-BE3751F5AB54}.Debug|Any CPU.Build.0 = Debug|Any CPU
		{58AA7BA5-3DB5-4BAE-AB52-BE3751F5AB54}.Debug|iPhone.ActiveCfg = Debug|Any CPU
		{58AA7BA5-3DB5-4BAE-AB52-BE3751F5AB54}.Debug|iPhone.Build.0 = Debug|Any CPU
		{58AA7BA5-3DB5-4BAE-AB52-BE3751F5AB54}.Debug|iPhoneSimulator.ActiveCfg = Debug|Any CPU
		{58AA7BA5-3DB5-4BAE-AB52-BE3751F5AB54}.Debug|iPhoneSimulator.Build.0 = Debug|Any CPU
		{58AA7BA5-3DB5-4BAE-AB52-BE3751F5AB54}.Release|Any CPU.ActiveCfg = Release|Any CPU
		{58AA7BA5-3DB5-4BAE-AB52-BE3751F5AB54}.Release|Any CPU.Build.0 = Release|Any CPU
		{58AA7BA5-3DB5-4BAE-AB52-BE3751F5AB54}.Release|iPhone.ActiveCfg = Release|Any CPU
		{58AA7BA5-3DB5-4BAE-AB52-BE3751F5AB54}.Release|iPhone.Build.0 = Release|Any CPU
		{58AA7BA5-3DB5-4BAE-AB52-BE3751F5AB54}.Release|iPhoneSimulator.ActiveCfg = Release|Any CPU
		{58AA7BA5-3DB5-4BAE-AB52-BE3751F5AB54}.Release|iPhoneSimulator.Build.0 = Release|Any CPU
		{4CAB3979-4874-4BA2-9517-C306BF7F92B8}.Ad-Hoc|Any CPU.ActiveCfg = Release|Any CPU
		{4CAB3979-4874-4BA2-9517-C306BF7F92B8}.Ad-Hoc|Any CPU.Build.0 = Release|Any CPU
		{4CAB3979-4874-4BA2-9517-C306BF7F92B8}.Ad-Hoc|iPhone.ActiveCfg = Release|Any CPU
		{4CAB3979-4874-4BA2-9517-C306BF7F92B8}.Ad-Hoc|iPhone.Build.0 = Release|Any CPU
		{4CAB3979-4874-4BA2-9517-C306BF7F92B8}.Ad-Hoc|iPhoneSimulator.ActiveCfg = Release|Any CPU
		{4CAB3979-4874-4BA2-9517-C306BF7F92B8}.Ad-Hoc|iPhoneSimulator.Build.0 = Release|Any CPU
		{4CAB3979-4874-4BA2-9517-C306BF7F92B8}.AppStore|Any CPU.ActiveCfg = Release|Any CPU
		{4CAB3979-4874-4BA2-9517-C306BF7F92B8}.AppStore|Any CPU.Build.0 = Release|Any CPU
		{4CAB3979-4874-4BA2-9517-C306BF7F92B8}.AppStore|iPhone.ActiveCfg = Release|Any CPU
		{4CAB3979-4874-4BA2-9517-C306BF7F92B8}.AppStore|iPhone.Build.0 = Release|Any CPU
		{4CAB3979-4874-4BA2-9517-C306BF7F92B8}.AppStore|iPhoneSimulator.ActiveCfg = Release|Any CPU
		{4CAB3979-4874-4BA2-9517-C306BF7F92B8}.AppStore|iPhoneSimulator.Build.0 = Release|Any CPU
		{4CAB3979-4874-4BA2-9517-C306BF7F92B8}.Debug|Any CPU.ActiveCfg = Debug|Any CPU
		{4CAB3979-4874-4BA2-9517-C306BF7F92B8}.Debug|Any CPU.Build.0 = Debug|Any CPU
		{4CAB3979-4874-4BA2-9517-C306BF7F92B8}.Debug|iPhone.ActiveCfg = Debug|Any CPU
		{4CAB3979-4874-4BA2-9517-C306BF7F92B8}.Debug|iPhone.Build.0 = Debug|Any CPU
		{4CAB3979-4874-4BA2-9517-C306BF7F92B8}.Debug|iPhoneSimulator.ActiveCfg = Debug|Any CPU
		{4CAB3979-4874-4BA2-9517-C306BF7F92B8}.Debug|iPhoneSimulator.Build.0 = Debug|Any CPU
		{4CAB3979-4874-4BA2-9517-C306BF7F92B8}.Release|Any CPU.ActiveCfg = Release|Any CPU
		{4CAB3979-4874-4BA2-9517-C306BF7F92B8}.Release|Any CPU.Build.0 = Release|Any CPU
		{4CAB3979-4874-4BA2-9517-C306BF7F92B8}.Release|iPhone.ActiveCfg = Release|Any CPU
		{4CAB3979-4874-4BA2-9517-C306BF7F92B8}.Release|iPhone.Build.0 = Release|Any CPU
		{4CAB3979-4874-4BA2-9517-C306BF7F92B8}.Release|iPhoneSimulator.ActiveCfg = Release|Any CPU
		{4CAB3979-4874-4BA2-9517-C306BF7F92B8}.Release|iPhoneSimulator.Build.0 = Release|Any CPU
		{9BD1816D-067E-41E9-A54C-52C49803EAEF}.Ad-Hoc|Any CPU.ActiveCfg = Release|Any CPU
		{9BD1816D-067E-41E9-A54C-52C49803EAEF}.Ad-Hoc|Any CPU.Build.0 = Release|Any CPU
		{9BD1816D-067E-41E9-A54C-52C49803EAEF}.Ad-Hoc|iPhone.ActiveCfg = Release|Any CPU
		{9BD1816D-067E-41E9-A54C-52C49803EAEF}.Ad-Hoc|iPhone.Build.0 = Release|Any CPU
		{9BD1816D-067E-41E9-A54C-52C49803EAEF}.Ad-Hoc|iPhoneSimulator.ActiveCfg = Release|Any CPU
		{9BD1816D-067E-41E9-A54C-52C49803EAEF}.Ad-Hoc|iPhoneSimulator.Build.0 = Release|Any CPU
		{9BD1816D-067E-41E9-A54C-52C49803EAEF}.AppStore|Any CPU.ActiveCfg = Release|Any CPU
		{9BD1816D-067E-41E9-A54C-52C49803EAEF}.AppStore|Any CPU.Build.0 = Release|Any CPU
		{9BD1816D-067E-41E9-A54C-52C49803EAEF}.AppStore|iPhone.ActiveCfg = Release|Any CPU
		{9BD1816D-067E-41E9-A54C-52C49803EAEF}.AppStore|iPhone.Build.0 = Release|Any CPU
		{9BD1816D-067E-41E9-A54C-52C49803EAEF}.AppStore|iPhoneSimulator.ActiveCfg = Release|Any CPU
		{9BD1816D-067E-41E9-A54C-52C49803EAEF}.AppStore|iPhoneSimulator.Build.0 = Release|Any CPU
		{9BD1816D-067E-41E9-A54C-52C49803EAEF}.Debug|Any CPU.ActiveCfg = Debug|Any CPU
		{9BD1816D-067E-41E9-A54C-52C49803EAEF}.Debug|Any CPU.Build.0 = Debug|Any CPU
		{9BD1816D-067E-41E9-A54C-52C49803EAEF}.Debug|iPhone.ActiveCfg = Debug|Any CPU
		{9BD1816D-067E-41E9-A54C-52C49803EAEF}.Debug|iPhone.Build.0 = Debug|Any CPU
		{9BD1816D-067E-41E9-A54C-52C49803EAEF}.Debug|iPhoneSimulator.ActiveCfg = Debug|Any CPU
		{9BD1816D-067E-41E9-A54C-52C49803EAEF}.Debug|iPhoneSimulator.Build.0 = Debug|Any CPU
		{9BD1816D-067E-41E9-A54C-52C49803EAEF}.Release|Any CPU.ActiveCfg = Release|Any CPU
		{9BD1816D-067E-41E9-A54C-52C49803EAEF}.Release|Any CPU.Build.0 = Release|Any CPU
		{9BD1816D-067E-41E9-A54C-52C49803EAEF}.Release|iPhone.ActiveCfg = Release|Any CPU
		{9BD1816D-067E-41E9-A54C-52C49803EAEF}.Release|iPhone.Build.0 = Release|Any CPU
		{9BD1816D-067E-41E9-A54C-52C49803EAEF}.Release|iPhoneSimulator.ActiveCfg = Release|Any CPU
		{9BD1816D-067E-41E9-A54C-52C49803EAEF}.Release|iPhoneSimulator.Build.0 = Release|Any CPU
		{62338CB7-A764-48DF-8D73-EA955CA0190F}.Ad-Hoc|Any CPU.ActiveCfg = Release|Any CPU
		{62338CB7-A764-48DF-8D73-EA955CA0190F}.Ad-Hoc|Any CPU.Build.0 = Release|Any CPU
		{62338CB7-A764-48DF-8D73-EA955CA0190F}.Ad-Hoc|iPhone.ActiveCfg = Release|Any CPU
		{62338CB7-A764-48DF-8D73-EA955CA0190F}.Ad-Hoc|iPhone.Build.0 = Release|Any CPU
		{62338CB7-A764-48DF-8D73-EA955CA0190F}.Ad-Hoc|iPhoneSimulator.ActiveCfg = Release|Any CPU
		{62338CB7-A764-48DF-8D73-EA955CA0190F}.Ad-Hoc|iPhoneSimulator.Build.0 = Release|Any CPU
		{62338CB7-A764-48DF-8D73-EA955CA0190F}.AppStore|Any CPU.ActiveCfg = Release|Any CPU
		{62338CB7-A764-48DF-8D73-EA955CA0190F}.AppStore|Any CPU.Build.0 = Release|Any CPU
		{62338CB7-A764-48DF-8D73-EA955CA0190F}.AppStore|iPhone.ActiveCfg = Release|Any CPU
		{62338CB7-A764-48DF-8D73-EA955CA0190F}.AppStore|iPhone.Build.0 = Release|Any CPU
		{62338CB7-A764-48DF-8D73-EA955CA0190F}.AppStore|iPhoneSimulator.ActiveCfg = Release|Any CPU
		{62338CB7-A764-48DF-8D73-EA955CA0190F}.AppStore|iPhoneSimulator.Build.0 = Release|Any CPU
		{62338CB7-A764-48DF-8D73-EA955CA0190F}.Debug|Any CPU.ActiveCfg = Debug|Any CPU
		{62338CB7-A764-48DF-8D73-EA955CA0190F}.Debug|Any CPU.Build.0 = Debug|Any CPU
		{62338CB7-A764-48DF-8D73-EA955CA0190F}.Debug|iPhone.ActiveCfg = Debug|Any CPU
		{62338CB7-A764-48DF-8D73-EA955CA0190F}.Debug|iPhone.Build.0 = Debug|Any CPU
		{62338CB7-A764-48DF-8D73-EA955CA0190F}.Debug|iPhoneSimulator.ActiveCfg = Debug|Any CPU
		{62338CB7-A764-48DF-8D73-EA955CA0190F}.Debug|iPhoneSimulator.Build.0 = Debug|Any CPU
		{62338CB7-A764-48DF-8D73-EA955CA0190F}.Release|Any CPU.ActiveCfg = Release|Any CPU
		{62338CB7-A764-48DF-8D73-EA955CA0190F}.Release|Any CPU.Build.0 = Release|Any CPU
		{62338CB7-A764-48DF-8D73-EA955CA0190F}.Release|iPhone.ActiveCfg = Release|Any CPU
		{62338CB7-A764-48DF-8D73-EA955CA0190F}.Release|iPhone.Build.0 = Release|Any CPU
		{62338CB7-A764-48DF-8D73-EA955CA0190F}.Release|iPhoneSimulator.ActiveCfg = Release|Any CPU
		{62338CB7-A764-48DF-8D73-EA955CA0190F}.Release|iPhoneSimulator.Build.0 = Release|Any CPU
		{843224A4-C06D-4ED3-8BE8-4BADD463FCFA}.Ad-Hoc|Any CPU.ActiveCfg = Ad-Hoc|iPhone
		{843224A4-C06D-4ED3-8BE8-4BADD463FCFA}.Ad-Hoc|iPhone.ActiveCfg = Ad-Hoc|iPhone
		{843224A4-C06D-4ED3-8BE8-4BADD463FCFA}.Ad-Hoc|iPhone.Build.0 = Ad-Hoc|iPhone
		{843224A4-C06D-4ED3-8BE8-4BADD463FCFA}.Ad-Hoc|iPhoneSimulator.ActiveCfg = Ad-Hoc|iPhoneSimulator
		{843224A4-C06D-4ED3-8BE8-4BADD463FCFA}.Ad-Hoc|iPhoneSimulator.Build.0 = Ad-Hoc|iPhoneSimulator
		{843224A4-C06D-4ED3-8BE8-4BADD463FCFA}.AppStore|Any CPU.ActiveCfg = AppStore|iPhone
		{843224A4-C06D-4ED3-8BE8-4BADD463FCFA}.AppStore|iPhone.ActiveCfg = AppStore|iPhone
		{843224A4-C06D-4ED3-8BE8-4BADD463FCFA}.AppStore|iPhone.Build.0 = AppStore|iPhone
		{843224A4-C06D-4ED3-8BE8-4BADD463FCFA}.AppStore|iPhoneSimulator.ActiveCfg = AppStore|iPhoneSimulator
		{843224A4-C06D-4ED3-8BE8-4BADD463FCFA}.AppStore|iPhoneSimulator.Build.0 = AppStore|iPhoneSimulator
		{843224A4-C06D-4ED3-8BE8-4BADD463FCFA}.Debug|Any CPU.ActiveCfg = Debug|iPhone
		{843224A4-C06D-4ED3-8BE8-4BADD463FCFA}.Debug|iPhone.ActiveCfg = Debug|iPhone
		{843224A4-C06D-4ED3-8BE8-4BADD463FCFA}.Debug|iPhone.Build.0 = Debug|iPhone
		{843224A4-C06D-4ED3-8BE8-4BADD463FCFA}.Debug|iPhoneSimulator.ActiveCfg = Debug|iPhoneSimulator
		{843224A4-C06D-4ED3-8BE8-4BADD463FCFA}.Debug|iPhoneSimulator.Build.0 = Debug|iPhoneSimulator
		{843224A4-C06D-4ED3-8BE8-4BADD463FCFA}.Release|Any CPU.ActiveCfg = Release|iPhone
		{843224A4-C06D-4ED3-8BE8-4BADD463FCFA}.Release|iPhone.ActiveCfg = Release|iPhone
		{843224A4-C06D-4ED3-8BE8-4BADD463FCFA}.Release|iPhone.Build.0 = Release|iPhone
		{843224A4-C06D-4ED3-8BE8-4BADD463FCFA}.Release|iPhoneSimulator.ActiveCfg = Release|iPhoneSimulator
		{843224A4-C06D-4ED3-8BE8-4BADD463FCFA}.Release|iPhoneSimulator.Build.0 = Release|iPhoneSimulator
	EndGlobalSection
	GlobalSection(SolutionProperties) = preSolution
		HideSolutionNode = FALSE
	EndGlobalSection
	GlobalSection(NestedProjects) = preSolution
		{2417F328-56D1-446D-9D4C-7649F107AE16} = {923B927D-4B27-4262-ABB5-7FECEFD58DD9}
		{3CA8233D-69CF-48AE-8421-2EEFB1130E10} = {AA0C01A1-52AE-437E-9E5A-76B120A797D9}
		{45CF67E1-70BC-490B-94C3-90797478974C} = {923B927D-4B27-4262-ABB5-7FECEFD58DD9}
		{F35B5A35-FB9B-4B76-BC79-15A64704504F} = {923B927D-4B27-4262-ABB5-7FECEFD58DD9}
		{4CAB3979-4874-4BA2-9517-C306BF7F92B8} = {048F27EC-8E41-49DB-87F5-F1F2683145C9}
		{9BD1816D-067E-41E9-A54C-52C49803EAEF} = {048F27EC-8E41-49DB-87F5-F1F2683145C9}
		{62338CB7-A764-48DF-8D73-EA955CA0190F} = {048F27EC-8E41-49DB-87F5-F1F2683145C9}
		{843224A4-C06D-4ED3-8BE8-4BADD463FCFA} = {AA0C01A1-52AE-437E-9E5A-76B120A797D9}
	EndGlobalSection
EndGlobal
